
Microsoft Visual Studio Solution File, Format Version 12.00
# Visual Studio Version 17
VisualStudioVersion = 17.5.33424.131
MinimumVisualStudioVersion = 10.0.40219.1
Project("{FAE04EC0-301F-11D3-BF4B-00C04F79EFBC}") = "NetStreamWriterReaderApp", "NetStreamWriterReaderApp\NetStreamWriterReaderApp.csproj", "{38905E41-A86C-4567-BAB5-0CD1E4453AFD}"
EndProject
Global
	GlobalSection(SolutionConfigurationPlatforms) = preSolution
		Debug|Any CPU = Debug|Any CPU
		Release|Any CPU = Release|Any CPU
	EndGlobalSection
	GlobalSection(ProjectConfigurationPlatforms) = postSolution
		{38905E41-A86C-4567-BAB5-0CD1E4453AFD}.Debug|Any CPU.ActiveCfg = Debug|Any CPU
		{38905E41-A86C-4567-BAB5-0CD1E4453AFD}.Debug|Any CPU.Build.0 = Debug|Any CPU
		{38905E41-A86C-4567-BAB5-0CD1E4453AFD}.Release|Any CPU.ActiveCfg = Release|Any CPU
		{38905E41-A86C-4567-BAB5-0CD1E4453AFD}.Release|Any CPU.Build.0 = Release|Any CPU
	EndGlobalSection
	GlobalSection(SolutionProperties) = preSolution
		HideSolutionNode = FALSE
	EndGlobalSection
	GlobalSection(ExtensibilityGlobals) = postSolution
		SolutionGuid = {10A043F1-7BC5-47CB-A47B-D823845B4DDD}
	EndGlobalSection
EndGlobal
